
Microsoft Visual Studio Solution File, Format Version 12.00
# Visual Studio 15
VisualStudioVersion = 15.0.28307.705
MinimumVisualStudioVersion = 10.0.40219.1
Project("{8BC9CEB8-8B4A-11D0-8D11-00A0C91BC942}") = "Socket", "Socket\Socket.vcxproj", "{8DF12549-699D-4270-B12C-BD6721060606}"
EndProject
Project("{8BC9CEB8-8B4A-11D0-8D11-00A0C91BC942}") = "ScheduleTime", "ScheduleTime\ScheduleTime.vcxproj", "{8005A81A-F444-4FFE-8643-468D8B16D8F7}"
EndProject
Project("{8BC9CEB8-8B4A-11D0-8D11-00A0C91BC942}") = "Soket2", "Soket2\Soket2.vcxproj", "{E93315E4-0A21-4F51-A396-CB926983BAEB}"
EndProject
Project("{8BC9CEB8-8B4A-11D0-8D11-00A0C91BC942}") = "OpenWaters", "OpenWaters\OpenWaters.vcxproj", "{F8717E7C-1C38-445C-9BD9-35880378D1B0}"
EndProject
Project("{8BC9CEB8-8B4A-11D0-8D11-00A0C91BC942}") = "OpenWatersTest", "OpenWatersTest\OpenWatersTest.vcxproj", "{795809A4-BC80-4B99-9FA0-249E07F22B3B}"
	ProjectSection(ProjectDependencies) = postProject
		{F8717E7C-1C38-445C-9BD9-35880378D1B0} = {F8717E7C-1C38-445C-9BD9-35880378D1B0}
	EndProjectSection
EndProject
Global
	GlobalSection(SolutionConfigurationPlatforms) = preSolution
		Debug|x64 = Debug|x64
		Debug|x86 = Debug|x86
		Release|x64 = Release|x64
		Release|x86 = Release|x86
	EndGlobalSection
	GlobalSection(ProjectConfigurationPlatforms) = postSolution
		{8DF12549-699D-4270-B12C-BD6721060606}.Debug|x64.ActiveCfg = Debug|x64
		{8DF12549-699D-4270-B12C-BD6721060606}.Debug|x64.Build.0 = Debug|x64
		{8DF12549-699D-4270-B12C-BD6721060606}.Debug|x86.ActiveCfg = Debug|Win32
		{8DF12549-699D-4270-B12C-BD6721060606}.Debug|x86.Build.0 = Debug|Win32
		{8DF12549-699D-4270-B12C-BD6721060606}.Release|x64.ActiveCfg = Release|x64
		{8DF12549-699D-4270-B12C-BD6721060606}.Release|x64.Build.0 = Release|x64
		{8DF12549-699D-4270-B12C-BD6721060606}.Release|x86.ActiveCfg = Release|Win32
		{8DF12549-699D-4270-B12C-BD6721060606}.Release|x86.Build.0 = Release|Win32
		{8005A81A-F444-4FFE-8643-468D8B16D8F7}.Debug|x64.ActiveCfg = Debug|x64
		{8005A81A-F444-4FFE-8643-468D8B16D8F7}.Debug|x64.Build.0 = Debug|x64
		{8005A81A-F444-4FFE-8643-468D8B16D8F7}.Debug|x86.ActiveCfg = Debug|Win32
		{8005A81A-F444-4FFE-8643-468D8B16D8F7}.Debug|x86.Build.0 = Debug|Win32
		{8005A81A-F444-4FFE-8643-468D8B16D8F7}.Release|x64.ActiveCfg = Release|x64
		{8005A81A-F444-4FFE-8643-468D8B16D8F7}.Release|x64.Build.0 = Release|x64
		{8005A81A-F444-4FFE-8643-468D8B16D8F7}.Release|x86.ActiveCfg = Release|Win32
		{8005A81A-F444-4FFE-8643-468D8B16D8F7}.Release|x86.Build.0 = Release|Win32
		{E93315E4-0A21-4F51-A396-CB926983BAEB}.Debug|x64.ActiveCfg = Debug|x64
		{E93315E4-0A21-4F51-A396-CB926983BAEB}.Debug|x64.Build.0 = Debug|x64
		{E93315E4-0A21-4F51-A396-CB926983BAEB}.Debug|x86.ActiveCfg = Debug|Win32
		{E93315E4-0A21-4F51-A396-CB926983BAEB}.Debug|x86.Build.0 = Debug|Win32
		{E93315E4-0A21-4F51-A396-CB926983BAEB}.Release|x64.ActiveCfg = Release|x64
		{E93315E4-0A21-4F51-A396-CB926983BAEB}.Release|x64.Build.0 = Release|x64
		{E93315E4-0A21-4F51-A396-CB926983BAEB}.Release|x86.ActiveCfg = Release|Win32
		{E93315E4-0A21-4F51-A396-CB926983BAEB}.Release|x86.Build.0 = Release|Win32
		{F8717E7C-1C38-445C-9BD9-35880378D1B0}.Debug|x64.ActiveCfg = Debug|x64
		{F8717E7C-1C38-445C-9BD9-35880378D1B0}.Debug|x64.Build.0 = Debug|x64
		{F8717E7C-1C38-445C-9BD9-35880378D1B0}.Debug|x86.ActiveCfg = Debug|Win32
		{F8717E7C-1C38-445C-9BD9-35880378D1B0}.Debug|x86.Build.0 = Debug|Win32
		{F8717E7C-1C38-445C-9BD9-35880378D1B0}.Release|x64.ActiveCfg = Release|x64
		{F8717E7C-1C38-445C-9BD9-35880378D1B0}.Release|x64.Build.0 = Release|x64
		{F8717E7C-1C38-445C-9BD9-35880378D1B0}.Release|x86.ActiveCfg = Release|Win32
		{F8717E7C-1C38-445C-9BD9-35880378D1B0}.Release|x86.Build.0 = Release|Win32
		{795809A4-BC80-4B99-9FA0-249E07F22B3B}.Debug|x64.ActiveCfg = Debug|x64
		{795809A4-BC80-4B99-9FA0-249E07F22B3B}.Debug|x64.Build.0 = Debug|x64
		{795809A4-BC80-4B99-9FA0-249E07F22B3B}.Debug|x86.ActiveCfg = Debug|Win32
		{795809A4-BC80-4B99-9FA0-249E07F22B3B}.Debug|x86.Build.0 = Debug|Win32
		{795809A4-BC80-4B99-9FA0-249E07F22B3B}.Release|x64.ActiveCfg = Release|x64
		{795809A4-BC80-4B99-9FA0-249E07F22B3B}.Release|x64.Build.0 = Release|x64
		{795809A4-BC80-4B99-9FA0-249E07F22B3B}.Release|x86.ActiveCfg = Release|Win32
		{795809A4-BC80-4B99-9FA0-249E07F22B3B}.Release|x86.Build.0 = Release|Win32
	EndGlobalSection
	GlobalSection(SolutionProperties) = preSolution
		HideSolutionNode = FALSE
	EndGlobalSection
	GlobalSection(ExtensibilityGlobals) = postSolution
		SolutionGuid = {505FFA22-7770-4EA3-93FC-B21D4EBA6152}
	EndGlobalSection
EndGlobal
